PODS:
  - dynamic_color (0.0.2):
    - FlutterMacOS
  - FlutterMacOS (1.0.0)
  - system_theme (3.2.0):
    - FlutterMacOS

DEPENDENCIES:
  - dynamic_color (from `Flutter/ephemeral/.symlinks/plugins/dynamic_color/macos`)
  - FlutterMacOS (from `Flutter/ephemeral`)
  - system_theme (from `Flutter/ephemeral/.symlinks/plugins/system_theme/macos`)

EXTERNAL SOURCES:
  dynamic_color:
    :path: Flutter/ephemeral/.symlinks/plugins/dynamic_color/macos
  FlutterMacOS:
    :path: Flutter/ephemeral
  system_theme:
    :path: Flutter/ephemeral/.symlinks/plugins/system_theme/macos

SPEC CHECKSUMS:
  dynamic_color: cb7c2a300ee67ed3bd96c3e852df3af0300bf610
  FlutterMacOS: d0db08ddef1a9af05a5ec4b724367152bb0500b1
  system_theme: 6a419772fd834d53d9eb27accb3653b399c74426

PODFILE CHECKSUM: 06b9a35bd0e12edb4efca529deafa817b1a7fcd8

COCOAPODS: 1.16.2
