PODS:
  - Flutter (1.0.0)
  - system_theme (3.2.0):
    - Flutter

DEPENDENCIES:
  - Flutter (from `Flutter`)
  - system_theme (from `.symlinks/plugins/system_theme/ios`)

EXTERNAL SOURCES:
  Flutter:
    :path: Flutter
  system_theme:
    :path: ".symlinks/plugins/system_theme/ios"

SPEC CHECKSUMS:
  Flutter: cabc95a1d2626b1b06e7179b784ebcf0c0cde467
  system_theme: 7dba6fe199562b2ee5acbd336d280f0d22743e64

PODFILE CHECKSUM: 3c63482e143d1b91d2d2560aee9fb04ecc74ac7e

COCOAPODS: 1.16.2
